{
  "version": 4,
  "terraform_version": "1.13.3",
  "serial": 36,
  "lineage": "8cdb4344-eb52-ce3c-cd36-193d10873001",
  "outputs": {
    "jenkins_ip": {
      "value": "20.77.57.103",
      "type": "string"
    },
    "k3s_ip": {
      "value": "20.77.57.112",
      "type": "string"
    }
  },
  "resources": [
    {
      "mode": "managed",
      "type": "azurerm_linux_virtual_machine",
      "name": "jenkins",
      "provider": "provider[\"registry.terraform.io/hashicorp/azurerm\"]",
      "instances": [
        {
          "schema_version": 0,
          "attributes": {
            "additional_capabilities": [],
            "admin_password": null,
            "admin_ssh_key": [
              {
                "public_key": "ssh-rsa AAAAB3NzaC1yc2EAAAADAQABAAACAQDDZhIkD2jtlRAbmjLIslxg3fZ+N6VfbQSR3Sus9b0ljcdnIAL0myEA+silR2h2U8L1CnYS2n0nyZ8bu7/ipi9tHf9LGoSB++9UKOtyfmqMu/eAMZOArUsJDjvtEQr5DpAM2EgFtTKtUmn4lsDsJClLrXSi/8zCRkLYlrVa7RCGm2oTEuZ+uXH0ynwh7YYqfiJUKnkOlP4aEei9qvU3hNNd4M+R9aHjSVqau+hzK4AC5tLI0E+RSnkFI1jZDcyAAovnXIKAlbdNoUX6PIYUvOSNyVDx5HTg1TFv6iNWHNdhMC2j1G+XxVq7hbHIfnxsdxquCyECZnTRmALsATqHzF7p4qxmPcOR7mn6OEnU/XM44C+aOR56w2ZhsxgLM3atAPXcmh1ozt+eHJrf1h8YQExF6HMM2xmmSAih7miBhoKm2h4wmSoWs+Y0yv/KoB8mQorOyTr4wVHnQGIywZ7fQ6ZfWmEBBLRudTzUsN2xMMQfIh3dyhclsjaMp2nKz7oepKZFB3NgixJq53hqTALOC1CUfsg4kztZmywzzwjhBp6vhkU9honTpF7Pc+s8tIBn5JuHBd1RSmXntibkCWF4pDshjQmVbut3REbJ8Nd5HVf8lmb0sjItnFYMmlqB3K8k/eXLdn2sFN/a7l6s2qAF9igqSlDLS4WdNCvog0tX66W9Ww== azeez@DESKTOP-HQJOD6M\r\n",
                "username": "azureuser"
              }
            ],
            "admin_username": "azureuser",
            "allow_extension_operations": true,
            "availability_set_id": "",
            "boot_diagnostics": [],
            "bypass_platform_safety_checks_on_user_schedule_enabled": false,
            "capacity_reservation_group_id": "",
            "computer_name": "jenkins-vm",
            "custom_data": "IyEvYmluL2Jhc2gNCmFwdCB1cGRhdGUgLXkNCmFwdCBpbnN0YWxsIC15IGRvY2tlci5pbw0Kc3lzdGVtY3RsIHN0YXJ0IGRvY2tlcg0KdXNlcm1vZCAtYUcgZG9ja2VyIGF6dXJldXNlcg0K",
            "dedicated_host_group_id": "",
            "dedicated_host_id": "",
            "disable_password_authentication": true,
            "disk_controller_type": "SCSI",
            "edge_zone": "",
            "encryption_at_host_enabled": false,
            "eviction_policy": "",
            "extensions_time_budget": "PT1H30M",
            "gallery_application": [],
            "id": "/subscriptions/f1ced25b-800c-4016-a723-f5a16d35aaba/resourceGroups/mydevops-rg/providers/Microsoft.Compute/virtualMachines/jenkins-vm",
            "identity": [],
            "license_type": "",
            "location": "uksouth",
            "max_bid_price": -1,
            "name": "jenkins-vm",
            "network_interface_ids": [
              "/subscriptions/f1ced25b-800c-4016-a723-f5a16d35aaba/resourceGroups/mydevops-rg/providers/Microsoft.Network/networkInterfaces/jenkins-nic"
            ],
            "os_disk": [
              {
                "caching": "ReadWrite",
                "diff_disk_settings": [],
                "disk_encryption_set_id": "",
                "disk_size_gb": 30,
                "name": "jenkins-vm_OsDisk_1_5547ecdc2139458aa5479a936a9b728f",
                "secure_vm_disk_encryption_set_id": "",
                "security_encryption_type": "",
                "storage_account_type": "Standard_LRS",
                "write_accelerator_enabled": false
              }
            ],
            "os_image_notification": [],
            "patch_assessment_mode": "ImageDefault",
            "patch_mode": "ImageDefault",
            "plan": [],
            "platform_fault_domain": -1,
            "priority": "Regular",
            "private_ip_address": "10.0.1.4",
            "private_ip_addresses": [
              "10.0.1.4"
            ],
            "provision_vm_agent": true,
            "proximity_placement_group_id": "",
            "public_ip_address": "20.77.57.103",
            "public_ip_addresses": [
              "20.77.57.103"
            ],
            "reboot_setting": "",
            "resource_group_name": "mydevops-rg",
            "secret": [],
            "secure_boot_enabled": false,
            "size": "Standard_B1s",
            "source_image_id": "",
            "source_image_reference": [
              {
                "offer": "0001-com-ubuntu-server-focal",
                "publisher": "Canonical",
                "sku": "20_04-lts-gen2",
                "version": "latest"
              }
            ],
            "tags": null,
            "termination_notification": null,
            "timeouts": null,
            "user_data": "",
            "virtual_machine_id": "ef67506b-9dc0-4c83-81d3-2ab289daf6eb",
            "virtual_machine_scale_set_id": "",
            "vm_agent_platform_updates_enabled": false,
            "vtpm_enabled": false,
            "zone": ""
          },
          "sensitive_attributes": [
            [
              {
                "type": "get_attr",
                "value": "admin_password"
              }
            ],
            [
              {
                "type": "get_attr",
                "value": "custom_data"
              }
            ]
          ],
          "identity_schema_version": 0,
          "private": "eyJlMmJmYjczMC1lY2FhLTExZTYtOGY4OC0zNDM2M2JjN2M0YzAiOnsiY3JlYXRlIjoyNzAwMDAwMDAwMDAwLCJkZWxldGUiOjI3MDAwMDAwMDAwMDAsInJlYWQiOjMwMDAwMDAwMDAwMCwidXBkYXRlIjoyNzAwMDAwMDAwMDAwfX0=",
          "dependencies": [
            "azurerm_network_interface.jenkins_nic",
            "azurerm_public_ip.jenkins_pip",
            "azurerm_resource_group.devops_rg",
            "azurerm_subnet.subnet",
            "azurerm_virtual_network.vnet"
          ]
        }
      ]
    },
    {
      "mode": "managed",
      "type": "azurerm_linux_virtual_machine",
      "name": "k3s",
      "provider": "provider[\"registry.terraform.io/hashicorp/azurerm\"]",
      "instances": [
        {
          "schema_version": 0,
          "attributes": {
            "additional_capabilities": [],
            "admin_password": null,
            "admin_ssh_key": [
              {
                "public_key": "ssh-rsa AAAAB3NzaC1yc2EAAAADAQABAAACAQDDZhIkD2jtlRAbmjLIslxg3fZ+N6VfbQSR3Sus9b0ljcdnIAL0myEA+silR2h2U8L1CnYS2n0nyZ8bu7/ipi9tHf9LGoSB++9UKOtyfmqMu/eAMZOArUsJDjvtEQr5DpAM2EgFtTKtUmn4lsDsJClLrXSi/8zCRkLYlrVa7RCGm2oTEuZ+uXH0ynwh7YYqfiJUKnkOlP4aEei9qvU3hNNd4M+R9aHjSVqau+hzK4AC5tLI0E+RSnkFI1jZDcyAAovnXIKAlbdNoUX6PIYUvOSNyVDx5HTg1TFv6iNWHNdhMC2j1G+XxVq7hbHIfnxsdxquCyECZnTRmALsATqHzF7p4qxmPcOR7mn6OEnU/XM44C+aOR56w2ZhsxgLM3atAPXcmh1ozt+eHJrf1h8YQExF6HMM2xmmSAih7miBhoKm2h4wmSoWs+Y0yv/KoB8mQorOyTr4wVHnQGIywZ7fQ6ZfWmEBBLRudTzUsN2xMMQfIh3dyhclsjaMp2nKz7oepKZFB3NgixJq53hqTALOC1CUfsg4kztZmywzzwjhBp6vhkU9honTpF7Pc+s8tIBn5JuHBd1RSmXntibkCWF4pDshjQmVbut3REbJ8Nd5HVf8lmb0sjItnFYMmlqB3K8k/eXLdn2sFN/a7l6s2qAF9igqSlDLS4WdNCvog0tX66W9Ww== azeez@DESKTOP-HQJOD6M\r\n",
                "username": "azureuser"
              }
            ],
            "admin_username": "azureuser",
            "allow_extension_operations": true,
            "availability_set_id": "",
            "boot_diagnostics": [],
            "bypass_platform_safety_checks_on_user_schedule_enabled": false,
            "capacity_reservation_group_id": "",
            "computer_name": "k3s-vm",
            "custom_data": "IyEvYmluL2Jhc2gNCmFwdCB1cGRhdGUgLXkNCmFwdCBpbnN0YWxsIC15IGRvY2tlci5pbw0Kc3lzdGVtY3RsIHN0YXJ0IGRvY2tlcg0KdXNlcm1vZCAtYUcgZG9ja2VyIGF6dXJldXNlcg0K",
            "dedicated_host_group_id": "",
            "dedicated_host_id": "",
            "disable_password_authentication": true,
            "disk_controller_type": "SCSI",
            "edge_zone": "",
            "encryption_at_host_enabled": false,
            "eviction_policy": "",
            "extensions_time_budget": "PT1H30M",
            "gallery_application": [],
            "id": "/subscriptions/f1ced25b-800c-4016-a723-f5a16d35aaba/resourceGroups/mydevops-rg/providers/Microsoft.Compute/virtualMachines/k3s-vm",
            "identity": [],
            "license_type": "",
            "location": "uksouth",
            "max_bid_price": -1,
            "name": "k3s-vm",
            "network_interface_ids": [
              "/subscriptions/f1ced25b-800c-4016-a723-f5a16d35aaba/resourceGroups/mydevops-rg/providers/Microsoft.Network/networkInterfaces/k3s-nic"
            ],
            "os_disk": [
              {
                "caching": "ReadWrite",
                "diff_disk_settings": [],
                "disk_encryption_set_id": "",
                "disk_size_gb": 30,
                "name": "k3s-vm_OsDisk_1_1712a29b3812425189abfa4846309633",
                "secure_vm_disk_encryption_set_id": "",
                "security_encryption_type": "",
                "storage_account_type": "Standard_LRS",
                "write_accelerator_enabled": false
              }
            ],
            "os_image_notification": [],
            "patch_assessment_mode": "ImageDefault",
            "patch_mode": "ImageDefault",
            "plan": [],
            "platform_fault_domain": -1,
            "priority": "Regular",
            "private_ip_address": "10.0.1.5",
            "private_ip_addresses": [
              "10.0.1.5"
            ],
            "provision_vm_agent": true,
            "proximity_placement_group_id": "",
            "public_ip_address": "20.77.57.112",
            "public_ip_addresses": [
              "20.77.57.112"
            ],
            "reboot_setting": "",
            "resource_group_name": "mydevops-rg",
            "secret": [],
            "secure_boot_enabled": false,
            "size": "Standard_B1s",
            "source_image_id": "",
            "source_image_reference": [
              {
                "offer": "0001-com-ubuntu-server-focal",
                "publisher": "Canonical",
                "sku": "20_04-lts-gen2",
                "version": "latest"
              }
            ],
            "tags": null,
            "termination_notification": null,
            "timeouts": null,
            "user_data": "",
            "virtual_machine_id": "0e9fc8d0-a173-4443-98d6-8dacb3fe789e",
            "virtual_machine_scale_set_id": "",
            "vm_agent_platform_updates_enabled": false,
            "vtpm_enabled": false,
            "zone": ""
          },
          "sensitive_attributes": [
            [
              {
                "type": "get_attr",
                "value": "admin_password"
              }
            ],
            [
              {
                "type": "get_attr",
                "value": "custom_data"
              }
            ]
          ],
          "identity_schema_version": 0,
          "private": "eyJlMmJmYjczMC1lY2FhLTExZTYtOGY4OC0zNDM2M2JjN2M0YzAiOnsiY3JlYXRlIjoyNzAwMDAwMDAwMDAwLCJkZWxldGUiOjI3MDAwMDAwMDAwMDAsInJlYWQiOjMwMDAwMDAwMDAwMCwidXBkYXRlIjoyNzAwMDAwMDAwMDAwfX0=",
          "dependencies": [
            "azurerm_network_interface.k3s_nic",
            "azurerm_public_ip.k3s_pip",
            "azurerm_resource_group.devops_rg",
            "azurerm_subnet.subnet",
            "azurerm_virtual_network.vnet"
          ]
        }
      ]
    },
    {
      "mode": "managed",
      "type": "azurerm_network_interface",
      "name": "jenkins_nic",
      "provider": "provider[\"registry.terraform.io/hashicorp/azurerm\"]",
      "instances": [
        {
          "schema_version": 0,
          "attributes": {
            "accelerated_networking_enabled": false,
            "applied_dns_servers": [],
            "auxiliary_mode": "",
            "auxiliary_sku": "",
            "dns_servers": [],
            "edge_zone": "",
            "enable_accelerated_networking": false,
            "enable_ip_forwarding": false,
            "id": "/subscriptions/f1ced25b-800c-4016-a723-f5a16d35aaba/resourceGroups/mydevops-rg/providers/Microsoft.Network/networkInterfaces/jenkins-nic",
            "internal_dns_name_label": "",
            "internal_domain_name_suffix": "y3h33mqqdatexjdaa5uvujm2wd.zx.internal.cloudapp.net",
            "ip_configuration": [
              {
                "gateway_load_balancer_frontend_ip_configuration_id": "",
                "name": "internal",
                "primary": true,
                "private_ip_address": "10.0.1.4",
                "private_ip_address_allocation": "Dynamic",
                "private_ip_address_version": "IPv4",
                "public_ip_address_id": "/subscriptions/f1ced25b-800c-4016-a723-f5a16d35aaba/resourceGroups/mydevops-rg/providers/Microsoft.Network/publicIPAddresses/jenkins-pip",
                "subnet_id": "/subscriptions/f1ced25b-800c-4016-a723-f5a16d35aaba/resourceGroups/mydevops-rg/providers/Microsoft.Network/virtualNetworks/devops-vnet/subnets/devops-subnet"
              }
            ],
            "ip_forwarding_enabled": false,
            "location": "uksouth",
            "mac_address": "60-45-BD-11-25-1E",
            "name": "jenkins-nic",
            "private_ip_address": "10.0.1.4",
            "private_ip_addresses": [
              "10.0.1.4"
            ],
            "resource_group_name": "mydevops-rg",
            "tags": {},
            "timeouts": null,
            "virtual_machine_id": "/subscriptions/f1ced25b-800c-4016-a723-f5a16d35aaba/resourceGroups/mydevops-rg/providers/Microsoft.Compute/virtualMachines/jenkins-vm"
          },
          "sensitive_attributes": [],
          "identity_schema_version": 0,
          "private": "eyJlMmJmYjczMC1lY2FhLTExZTYtOGY4OC0zNDM2M2JjN2M0YzAiOnsiY3JlYXRlIjoxODAwMDAwMDAwMDAwLCJkZWxldGUiOjE4MDAwMDAwMDAwMDAsInJlYWQiOjMwMDAwMDAwMDAwMCwidXBkYXRlIjoxODAwMDAwMDAwMDAwfX0=",
          "dependencies": [
            "azurerm_public_ip.jenkins_pip",
            "azurerm_resource_group.devops_rg",
            "azurerm_subnet.subnet",
            "azurerm_virtual_network.vnet"
          ]
        }
      ]
    },
    {
      "mode": "managed",
      "type": "azurerm_network_interface",
      "name": "k3s_nic",
      "provider": "provider[\"registry.terraform.io/hashicorp/azurerm\"]",
      "instances": [
        {
          "schema_version": 0,
          "attributes": {
            "accelerated_networking_enabled": false,
            "applied_dns_servers": [],
            "auxiliary_mode": "",
            "auxiliary_sku": "",
            "dns_servers": [],
            "edge_zone": "",
            "enable_accelerated_networking": false,
            "enable_ip_forwarding": false,
            "id": "/subscriptions/f1ced25b-800c-4016-a723-f5a16d35aaba/resourceGroups/mydevops-rg/providers/Microsoft.Network/networkInterfaces/k3s-nic",
            "internal_dns_name_label": "",
            "internal_domain_name_suffix": "y3h33mqqdatexjdaa5uvujm2wd.zx.internal.cloudapp.net",
            "ip_configuration": [
              {
                "gateway_load_balancer_frontend_ip_configuration_id": "",
                "name": "internal",
                "primary": true,
                "private_ip_address": "10.0.1.5",
                "private_ip_address_allocation": "Dynamic",
                "private_ip_address_version": "IPv4",
                "public_ip_address_id": "/subscriptions/f1ced25b-800c-4016-a723-f5a16d35aaba/resourceGroups/mydevops-rg/providers/Microsoft.Network/publicIPAddresses/k3s-pip",
                "subnet_id": "/subscriptions/f1ced25b-800c-4016-a723-f5a16d35aaba/resourceGroups/mydevops-rg/providers/Microsoft.Network/virtualNetworks/devops-vnet/subnets/devops-subnet"
              }
            ],
            "ip_forwarding_enabled": false,
            "location": "uksouth",
            "mac_address": "7C-1E-52-79-25-99",
            "name": "k3s-nic",
            "private_ip_address": "10.0.1.5",
            "private_ip_addresses": [
              "10.0.1.5"
            ],
            "resource_group_name": "mydevops-rg",
            "tags": {},
            "timeouts": null,
            "virtual_machine_id": "/subscriptions/f1ced25b-800c-4016-a723-f5a16d35aaba/resourceGroups/mydevops-rg/providers/Microsoft.Compute/virtualMachines/k3s-vm"
          },
          "sensitive_attributes": [],
          "identity_schema_version": 0,
          "private": "eyJlMmJmYjczMC1lY2FhLTExZTYtOGY4OC0zNDM2M2JjN2M0YzAiOnsiY3JlYXRlIjoxODAwMDAwMDAwMDAwLCJkZWxldGUiOjE4MDAwMDAwMDAwMDAsInJlYWQiOjMwMDAwMDAwMDAwMCwidXBkYXRlIjoxODAwMDAwMDAwMDAwfX0=",
          "dependencies": [
            "azurerm_public_ip.k3s_pip",
            "azurerm_resource_group.devops_rg",
            "azurerm_subnet.subnet",
            "azurerm_virtual_network.vnet"
          ]
        }
      ]
    },
    {
      "mode": "managed",
      "type": "azurerm_network_interface_security_group_association",
      "name": "jenkins_nsg",
      "provider": "provider[\"registry.terraform.io/hashicorp/azurerm\"]",
      "instances": [
        {
          "schema_version": 0,
          "attributes": {
            "id": "/subscriptions/f1ced25b-800c-4016-a723-f5a16d35aaba/resourceGroups/mydevops-rg/providers/Microsoft.Network/networkInterfaces/jenkins-nic|/subscriptions/f1ced25b-800c-4016-a723-f5a16d35aaba/resourceGroups/mydevops-rg/providers/Microsoft.Network/networkSecurityGroups/devops-nsg",
            "network_interface_id": "/subscriptions/f1ced25b-800c-4016-a723-f5a16d35aaba/resourceGroups/mydevops-rg/providers/Microsoft.Network/networkInterfaces/jenkins-nic",
            "network_security_group_id": "/subscriptions/f1ced25b-800c-4016-a723-f5a16d35aaba/resourceGroups/mydevops-rg/providers/Microsoft.Network/networkSecurityGroups/devops-nsg",
            "timeouts": null
          },
          "sensitive_attributes": [],
          "identity_schema_version": 0,
          "private": "eyJlMmJmYjczMC1lY2FhLTExZTYtOGY4OC0zNDM2M2JjN2M0YzAiOnsiY3JlYXRlIjoxODAwMDAwMDAwMDAwLCJkZWxldGUiOjE4MDAwMDAwMDAwMDAsInJlYWQiOjMwMDAwMDAwMDAwMH19",
          "dependencies": [
            "azurerm_network_interface.jenkins_nic",
            "azurerm_network_security_group.nsg",
            "azurerm_public_ip.jenkins_pip",
            "azurerm_resource_group.devops_rg",
            "azurerm_subnet.subnet",
            "azurerm_virtual_network.vnet"
          ]
        }
      ]
    },
    {
      "mode": "managed",
      "type": "azurerm_network_interface_security_group_association",
      "name": "k3s_nsg",
      "provider": "provider[\"registry.terraform.io/hashicorp/azurerm\"]",
      "instances": [
        {
          "schema_version": 0,
          "attributes": {
            "id": "/subscriptions/f1ced25b-800c-4016-a723-f5a16d35aaba/resourceGroups/mydevops-rg/providers/Microsoft.Network/networkInterfaces/k3s-nic|/subscriptions/f1ced25b-800c-4016-a723-f5a16d35aaba/resourceGroups/mydevops-rg/providers/Microsoft.Network/networkSecurityGroups/devops-nsg",
            "network_interface_id": "/subscriptions/f1ced25b-800c-4016-a723-f5a16d35aaba/resourceGroups/mydevops-rg/providers/Microsoft.Network/networkInterfaces/k3s-nic",
            "network_security_group_id": "/subscriptions/f1ced25b-800c-4016-a723-f5a16d35aaba/resourceGroups/mydevops-rg/providers/Microsoft.Network/networkSecurityGroups/devops-nsg",
            "timeouts": null
          },
          "sensitive_attributes": [],
          "identity_schema_version": 0,
          "private": "eyJlMmJmYjczMC1lY2FhLTExZTYtOGY4OC0zNDM2M2JjN2M0YzAiOnsiY3JlYXRlIjoxODAwMDAwMDAwMDAwLCJkZWxldGUiOjE4MDAwMDAwMDAwMDAsInJlYWQiOjMwMDAwMDAwMDAwMH19",
          "dependencies": [
            "azurerm_network_interface.k3s_nic",
            "azurerm_network_security_group.nsg",
            "azurerm_public_ip.k3s_pip",
            "azurerm_resource_group.devops_rg",
            "azurerm_subnet.subnet",
            "azurerm_virtual_network.vnet"
          ]
        }
      ]
    },
    {
      "mode": "managed",
      "type": "azurerm_network_security_group",
      "name": "nsg",
      "provider": "provider[\"registry.terraform.io/hashicorp/azurerm\"]",
      "instances": [
        {
          "schema_version": 0,
          "attributes": {
            "id": "/subscriptions/f1ced25b-800c-4016-a723-f5a16d35aaba/resourceGroups/mydevops-rg/providers/Microsoft.Network/networkSecurityGroups/devops-nsg",
            "location": "uksouth",
            "name": "devops-nsg",
            "resource_group_name": "mydevops-rg",
            "security_rule": [
              {
                "access": "Allow",
                "description": "",
                "destination_address_prefix": "*",
                "destination_address_prefixes": [],
                "destination_application_security_group_ids": [],
                "destination_port_range": "22",
                "destination_port_ranges": [],
                "direction": "Inbound",
                "name": "SSH",
                "priority": 1001,
                "protocol": "Tcp",
                "source_address_prefix": "*",
                "source_address_prefixes": [],
                "source_application_security_group_ids": [],
                "source_port_range": "*",
                "source_port_ranges": []
              },
              {
                "access": "Allow",
                "description": "",
                "destination_address_prefix": "*",
                "destination_address_prefixes": [],
                "destination_application_security_group_ids": [],
                "destination_port_range": "6443",
                "destination_port_ranges": [],
                "direction": "Inbound",
                "name": "K8s",
                "priority": 1004,
                "protocol": "Tcp",
                "source_address_prefix": "*",
                "source_address_prefixes": [],
                "source_application_security_group_ids": [],
                "source_port_range": "*",
                "source_port_ranges": []
              },
              {
                "access": "Allow",
                "description": "",
                "destination_address_prefix": "*",
                "destination_address_prefixes": [],
                "destination_application_security_group_ids": [],
                "destination_port_range": "80",
                "destination_port_ranges": [],
                "direction": "Inbound",
                "name": "HTTP",
                "priority": 1002,
                "protocol": "Tcp",
                "source_address_prefix": "*",
                "source_address_prefixes": [],
                "source_application_security_group_ids": [],
                "source_port_range": "*",
                "source_port_ranges": []
              },
              {
                "access": "Allow",
                "description": "",
                "destination_address_prefix": "*",
                "destination_address_prefixes": [],
                "destination_application_security_group_ids": [],
                "destination_port_range": "8080",
                "destination_port_ranges": [],
                "direction": "Inbound",
                "name": "Jenkins",
                "priority": 1003,
                "protocol": "Tcp",
                "source_address_prefix": "*",
                "source_address_prefixes": [],
                "source_application_security_group_ids": [],
                "source_port_range": "*",
                "source_port_ranges": []
              }
            ],
            "tags": {},
            "timeouts": null
          },
          "sensitive_attributes": [],
          "identity_schema_version": 0,
          "private": "eyJlMmJmYjczMC1lY2FhLTExZTYtOGY4OC0zNDM2M2JjN2M0YzAiOnsiY3JlYXRlIjoxODAwMDAwMDAwMDAwLCJkZWxldGUiOjE4MDAwMDAwMDAwMDAsInJlYWQiOjMwMDAwMDAwMDAwMCwidXBkYXRlIjoxODAwMDAwMDAwMDAwfX0=",
          "dependencies": [
            "azurerm_resource_group.devops_rg"
          ]
        }
      ]
    },
    {
      "mode": "managed",
      "type": "azurerm_public_ip",
      "name": "jenkins_pip",
      "provider": "provider[\"registry.terraform.io/hashicorp/azurerm\"]",
      "instances": [
        {
          "schema_version": 0,
          "attributes": {
            "allocation_method": "Static",
            "ddos_protection_mode": "VirtualNetworkInherited",
            "ddos_protection_plan_id": null,
            "domain_name_label": null,
            "edge_zone": "",
            "fqdn": null,
            "id": "/subscriptions/f1ced25b-800c-4016-a723-f5a16d35aaba/resourceGroups/mydevops-rg/providers/Microsoft.Network/publicIPAddresses/jenkins-pip",
            "idle_timeout_in_minutes": 4,
            "ip_address": "20.77.57.103",
            "ip_tags": {},
            "ip_version": "IPv4",
            "location": "uksouth",
            "name": "jenkins-pip",
            "public_ip_prefix_id": null,
            "resource_group_name": "mydevops-rg",
            "reverse_fqdn": null,
            "sku": "Standard",
            "sku_tier": "Regional",
            "tags": {},
            "timeouts": null,
            "zones": [
              "1"
            ]
          },
          "sensitive_attributes": [],
          "identity_schema_version": 0,
          "private": "eyJlMmJmYjczMC1lY2FhLTExZTYtOGY4OC0zNDM2M2JjN2M0YzAiOnsiY3JlYXRlIjoxODAwMDAwMDAwMDAwLCJkZWxldGUiOjE4MDAwMDAwMDAwMDAsInJlYWQiOjMwMDAwMDAwMDAwMCwidXBkYXRlIjoxODAwMDAwMDAwMDAwfX0=",
          "dependencies": [
            "azurerm_resource_group.devops_rg"
          ]
        }
      ]
    },
    {
      "mode": "managed",
      "type": "azurerm_public_ip",
      "name": "k3s_pip",
      "provider": "provider[\"registry.terraform.io/hashicorp/azurerm\"]",
      "instances": [
        {
          "schema_version": 0,
          "attributes": {
            "allocation_method": "Static",
            "ddos_protection_mode": "VirtualNetworkInherited",
            "ddos_protection_plan_id": null,
            "domain_name_label": null,
            "edge_zone": "",
            "fqdn": null,
            "id": "/subscriptions/f1ced25b-800c-4016-a723-f5a16d35aaba/resourceGroups/mydevops-rg/providers/Microsoft.Network/publicIPAddresses/k3s-pip",
            "idle_timeout_in_minutes": 4,
            "ip_address": "20.77.57.112",
            "ip_tags": {},
            "ip_version": "IPv4",
            "location": "uksouth",
            "name": "k3s-pip",
            "public_ip_prefix_id": null,
            "resource_group_name": "mydevops-rg",
            "reverse_fqdn": null,
            "sku": "Standard",
            "sku_tier": "Regional",
            "tags": {},
            "timeouts": null,
            "zones": [
              "1"
            ]
          },
          "sensitive_attributes": [],
          "identity_schema_version": 0,
          "private": "eyJlMmJmYjczMC1lY2FhLTExZTYtOGY4OC0zNDM2M2JjN2M0YzAiOnsiY3JlYXRlIjoxODAwMDAwMDAwMDAwLCJkZWxldGUiOjE4MDAwMDAwMDAwMDAsInJlYWQiOjMwMDAwMDAwMDAwMCwidXBkYXRlIjoxODAwMDAwMDAwMDAwfX0=",
          "dependencies": [
            "azurerm_resource_group.devops_rg"
          ]
        }
      ]
    },
    {
      "mode": "managed",
      "type": "azurerm_resource_group",
      "name": "devops_rg",
      "provider": "provider[\"registry.terraform.io/hashicorp/azurerm\"]",
      "instances": [
        {
          "schema_version": 0,
          "attributes": {
            "id": "/subscriptions/f1ced25b-800c-4016-a723-f5a16d35aaba/resourceGroups/mydevops-rg",
            "location": "uksouth",
            "managed_by": "",
            "name": "mydevops-rg",
            "tags": {},
            "timeouts": null
          },
          "sensitive_attributes": [],
          "identity_schema_version": 0,
          "private": "eyJlMmJmYjczMC1lY2FhLTExZTYtOGY4OC0zNDM2M2JjN2M0YzAiOnsiY3JlYXRlIjo1NDAwMDAwMDAwMDAwLCJkZWxldGUiOjU0MDAwMDAwMDAwMDAsInJlYWQiOjMwMDAwMDAwMDAwMCwidXBkYXRlIjo1NDAwMDAwMDAwMDAwfX0="
        }
      ]
    },
    {
      "mode": "managed",
      "type": "azurerm_subnet",
      "name": "subnet",
      "provider": "provider[\"registry.terraform.io/hashicorp/azurerm\"]",
      "instances": [
        {
          "schema_version": 0,
          "attributes": {
            "address_prefixes": [
              "10.0.1.0/24"
            ],
            "default_outbound_access_enabled": true,
            "delegation": [],
            "enforce_private_link_endpoint_network_policies": false,
            "enforce_private_link_service_network_policies": false,
            "id": "/subscriptions/f1ced25b-800c-4016-a723-f5a16d35aaba/resourceGroups/mydevops-rg/providers/Microsoft.Network/virtualNetworks/devops-vnet/subnets/devops-subnet",
            "name": "devops-subnet",
            "private_endpoint_network_policies": "Enabled",
            "private_endpoint_network_policies_enabled": true,
            "private_link_service_network_policies_enabled": true,
            "resource_group_name": "mydevops-rg",
            "service_endpoint_policy_ids": [],
            "service_endpoints": [],
            "timeouts": null,
            "virtual_network_name": "devops-vnet"
          },
          "sensitive_attributes": [],
          "identity_schema_version": 0,
          "private": "eyJlMmJmYjczMC1lY2FhLTExZTYtOGY4OC0zNDM2M2JjN2M0YzAiOnsiY3JlYXRlIjoxODAwMDAwMDAwMDAwLCJkZWxldGUiOjE4MDAwMDAwMDAwMDAsInJlYWQiOjMwMDAwMDAwMDAwMCwidXBkYXRlIjoxODAwMDAwMDAwMDAwfX0=",
          "dependencies": [
            "azurerm_resource_group.devops_rg",
            "azurerm_virtual_network.vnet"
          ]
        }
      ]
    },
    {
      "mode": "managed",
      "type": "azurerm_virtual_network",
      "name": "vnet",
      "provider": "provider[\"registry.terraform.io/hashicorp/azurerm\"]",
      "instances": [
        {
          "schema_version": 0,
          "attributes": {
            "address_space": [
              "10.0.0.0/16"
            ],
            "bgp_community": "",
            "ddos_protection_plan": [],
            "dns_servers": [],
            "edge_zone": "",
            "encryption": [],
            "flow_timeout_in_minutes": 0,
            "guid": "b2de4fc7-1810-4b26-a460-07e95a259cb3",
            "id": "/subscriptions/f1ced25b-800c-4016-a723-f5a16d35aaba/resourceGroups/mydevops-rg/providers/Microsoft.Network/virtualNetworks/devops-vnet",
            "location": "uksouth",
            "name": "devops-vnet",
            "resource_group_name": "mydevops-rg",
            "subnet": [
              {
                "address_prefix": "10.0.1.0/24",
                "id": "/subscriptions/f1ced25b-800c-4016-a723-f5a16d35aaba/resourceGroups/mydevops-rg/providers/Microsoft.Network/virtualNetworks/devops-vnet/subnets/devops-subnet",
                "name": "devops-subnet",
                "security_group": ""
              }
            ],
            "tags": {},
            "timeouts": null
          },
          "sensitive_attributes": [],
          "identity_schema_version": 0,
          "private": "eyJlMmJmYjczMC1lY2FhLTExZTYtOGY4OC0zNDM2M2JjN2M0YzAiOnsiY3JlYXRlIjoxODAwMDAwMDAwMDAwLCJkZWxldGUiOjE4MDAwMDAwMDAwMDAsInJlYWQiOjMwMDAwMDAwMDAwMCwidXBkYXRlIjoxODAwMDAwMDAwMDAwfX0=",
          "dependencies": [
            "azurerm_resource_group.devops_rg"
          ]
        }
      ]
    }
  ],
  "check_results": null
}
